
Microsoft Visual Studio Solution File, Format Version 11.00
# Visual Studio 2010
Project("{8BC9CEB8-8B4A-11D0-8D11-00A0C91BC942}") = "SDL game", "SDL game\SDL game.vcxproj", "{8A26D8E2-42CE-4B02-AB88-057A10E0577A}"
EndProject
Global
	GlobalSection(SolutionConfigurationPlatforms) = preSolution
		Debug|Win32 = Debug|Win32
		Release|Win32 = Release|Win32
	EndGlobalSection
	GlobalSection(ProjectConfigurationPlatforms) = postSolution
		{8A26D8E2-42CE-4B02-AB88-057A10E0577A}.Debug|Win32.ActiveCfg = Debug|Win32
		{8A26D8E2-42CE-4B02-AB88-057A10E0577A}.Debug|Win32.Build.0 = Debug|Win32
		{8A26D8E2-42CE-4B02-AB88-057A10E0577A}.Release|Win32.ActiveCfg = Release|Win32
		{8A26D8E2-42CE-4B02-AB88-057A10E0577A}.Release|Win32.Build.0 = Release|Win32
	EndGlobalSection
	GlobalSection(SolutionProperties) = preSolution
		HideSolutionNode = FALSE
	EndGlobalSection
EndGlobal
